
Microsoft Visual Studio Solution File, Format Version 12.00
# Visual Studio 2013
VisualStudioVersion = 12.0.21005.1
MinimumVisualStudioVersion = 10.0.40219.1
Project("{FAE04EC0-301F-11D3-BF4B-00C04F79EFBC}") = "DelegateLearn", "DelegateLearn\DelegateLearn.csproj", "{4573BDE8-7283-4CC1-859C-F8EDD8975228}"
EndProject
Project("{FAE04EC0-301F-11D3-BF4B-00C04F79EFBC}") = "EventLearn", "EventLearn\EventLearn.csproj", "{CE85C516-85DE-43EF-B6DB-42906BE74251}"
EndProject
Project("{FAE04EC0-301F-11D3-BF4B-00C04F79EFBC}") = "EventLearn2", "EventLearn2\EventLearn2.csproj", "{A926506C-1B69-481D-9856-D41B25FFD135}"
EndProject
Project("{FAE04EC0-301F-11D3-BF4B-00C04F79EFBC}") = "DelegateLearn2", "DelegateLearn2\DelegateLearn2.csproj", "{94912B7D-28E2-43B5-A423-9E5E259D29A0}"
EndProject
Project("{FAE04EC0-301F-11D3-BF4B-00C04F79EFBC}") = "DelegateLearn3", "DelegateLearn3\DelegateLearn3.csproj", "{3634A0D1-8C7C-4A9F-89B1-3C1144836BC4}"
EndProject
Project("{FAE04EC0-301F-11D3-BF4B-00C04F79EFBC}") = "GenericLearn", "GenericLearn\GenericLearn.csproj", "{6BF9A4F9-5D99-4F35-833C-2C7A780BA77F}"
EndProject
Project("{FAE04EC0-301F-11D3-BF4B-00C04F79EFBC}") = "IndexerLearn", "IndexerLearn\IndexerLearn.csproj", "{BF7C8AD6-8119-4057-8539-58425DAD4F90}"
EndProject
Project("{FAE04EC0-301F-11D3-BF4B-00C04F79EFBC}") = "ReflectionLearn", "ReflectionLearn\ReflectionLearn.csproj", "{6AFCF4BE-3B2B-42FA-867A-FB6CC929AF2D}"
EndProject
Global
	GlobalSection(SolutionConfigurationPlatforms) = preSolution
		Debug|Any CPU = Debug|Any CPU
		Release|Any CPU = Release|Any CPU
	EndGlobalSection
	GlobalSection(ProjectConfigurationPlatforms) = postSolution
		{4573BDE8-7283-4CC1-859C-F8EDD8975228}.Debug|Any CPU.ActiveCfg = Debug|Any CPU
		{4573BDE8-7283-4CC1-859C-F8EDD8975228}.Debug|Any CPU.Build.0 = Debug|Any CPU
		{4573BDE8-7283-4CC1-859C-F8EDD8975228}.Release|Any CPU.ActiveCfg = Release|Any CPU
		{4573BDE8-7283-4CC1-859C-F8EDD8975228}.Release|Any CPU.Build.0 = Release|Any CPU
		{CE85C516-85DE-43EF-B6DB-42906BE74251}.Debug|Any CPU.ActiveCfg = Debug|Any CPU
		{CE85C516-85DE-43EF-B6DB-42906BE74251}.Debug|Any CPU.Build.0 = Debug|Any CPU
		{CE85C516-85DE-43EF-B6DB-42906BE74251}.Release|Any CPU.ActiveCfg = Release|Any CPU
		{CE85C516-85DE-43EF-B6DB-42906BE74251}.Release|Any CPU.Build.0 = Release|Any CPU
		{A926506C-1B69-481D-9856-D41B25FFD135}.Debug|Any CPU.ActiveCfg = Debug|Any CPU
		{A926506C-1B69-481D-9856-D41B25FFD135}.Debug|Any CPU.Build.0 = Debug|Any CPU
		{A926506C-1B69-481D-9856-D41B25FFD135}.Release|Any CPU.ActiveCfg = Release|Any CPU
		{A926506C-1B69-481D-9856-D41B25FFD135}.Release|Any CPU.Build.0 = Release|Any CPU
		{94912B7D-28E2-43B5-A423-9E5E259D29A0}.Debug|Any CPU.ActiveCfg = Debug|Any CPU
		{94912B7D-28E2-43B5-A423-9E5E259D29A0}.Debug|Any CPU.Build.0 = Debug|Any CPU
		{94912B7D-28E2-43B5-A423-9E5E259D29A0}.Release|Any CPU.ActiveCfg = Release|Any CPU
		{94912B7D-28E2-43B5-A423-9E5E259D29A0}.Release|Any CPU.Build.0 = Release|Any CPU
		{3634A0D1-8C7C-4A9F-89B1-3C1144836BC4}.Debug|Any CPU.ActiveCfg = Debug|Any CPU
		{3634A0D1-8C7C-4A9F-89B1-3C1144836BC4}.Debug|Any CPU.Build.0 = Debug|Any CPU
		{3634A0D1-8C7C-4A9F-89B1-3C1144836BC4}.Release|Any CPU.ActiveCfg = Release|Any CPU
		{3634A0D1-8C7C-4A9F-89B1-3C1144836BC4}.Release|Any CPU.Build.0 = Release|Any CPU
		{6BF9A4F9-5D99-4F35-833C-2C7A780BA77F}.Debug|Any CPU.ActiveCfg = Debug|Any CPU
		{6BF9A4F9-5D99-4F35-833C-2C7A780BA77F}.Debug|Any CPU.Build.0 = Debug|Any CPU
		{6BF9A4F9-5D99-4F35-833C-2C7A780BA77F}.Release|Any CPU.ActiveCfg = Release|Any CPU
		{6BF9A4F9-5D99-4F35-833C-2C7A780BA77F}.Release|Any CPU.Build.0 = Release|Any CPU
		{BF7C8AD6-8119-4057-8539-58425DAD4F90}.Debug|Any CPU.ActiveCfg = Debug|Any CPU
		{BF7C8AD6-8119-4057-8539-58425DAD4F90}.Debug|Any CPU.Build.0 = Debug|Any CPU
		{BF7C8AD6-8119-4057-8539-58425DAD4F90}.Release|Any CPU.ActiveCfg = Release|Any CPU
		{BF7C8AD6-8119-4057-8539-58425DAD4F90}.Release|Any CPU.Build.0 = Release|Any CPU
		{6AFCF4BE-3B2B-42FA-867A-FB6CC929AF2D}.Debug|Any CPU.ActiveCfg = Debug|Any CPU
		{6AFCF4BE-3B2B-42FA-867A-FB6CC929AF2D}.Debug|Any CPU.Build.0 = Debug|Any CPU
		{6AFCF4BE-3B2B-42FA-867A-FB6CC929AF2D}.Release|Any CPU.ActiveCfg = Release|Any CPU
		{6AFCF4BE-3B2B-42FA-867A-FB6CC929AF2D}.Release|Any CPU.Build.0 = Release|Any CPU
	EndGlobalSection
	GlobalSection(SolutionProperties) = preSolution
		HideSolutionNode = FALSE
	EndGlobalSection
EndGlobal
